// !$*UTF8*$!
{
	archiveVersion = 1;
	classes = {
	};
	objectVersion = 55;
	objects = {

/* Begin PBXBuildFile section */
		1D291E1D285F8E350082FFCF /* CustomLayout.swift in Sources */ = {isa = PBXBuildFile; fileRef = 1D291E1C285F8E350082FFCF /* CustomLayout.swift */; };
		1D3216352857DAD800C8EAF5 /* Reachability.swift in Sources */ = {isa = PBXBuildFile; fileRef = 1D3216342857DAD800C8EAF5 /* Reachability.swift */; };
		1D343B5C285348E700414C81 /* ProductDetailsView.swift in Sources */ = {isa = PBXBuildFile; fileRef = 1D343B5A285348E700414C81 /* ProductDetailsView.swift */; };
		1D343B5D285348E700414C81 /* ProductDetailsView.xib in Resources */ = {isa = PBXBuildFile; fileRef = 1D343B5B285348E700414C81 /* ProductDetailsView.xib */; };
		1D343B5F28534E2D00414C81 /* UIViewController+Navigation.swift in Sources */ = {isa = PBXBuildFile; fileRef = 1D343B5E28534E2D00414C81 /* UIViewController+Navigation.swift */; };
		1D343B642853FFCE00414C81 /* Cache.swift in Sources */ = {isa = PBXBuildFile; fileRef = 1D343B632853FFCD00414C81 /* Cache.swift */; };
		1D544C772850F48C008249BA /* Base.swift in Sources */ = {isa = PBXBuildFile; fileRef = 1D544C762850F48C008249BA /* Base.swift */; };
		1D544C792850F4C5008249BA /* NetworkRequest.swift in Sources */ = {isa = PBXBuildFile; fileRef = 1D544C782850F4C5008249BA /* NetworkRequest.swift */; };
		1D544C7B2850F5A3008249BA /* Enviroment.swift in Sources */ = {isa = PBXBuildFile; fileRef = 1D544C7A2850F5A3008249BA /* Enviroment.swift */; };
		1D544C7D2850F5BF008249BA /* NetworkService.swift in Sources */ = {isa = PBXBuildFile; fileRef = 1D544C7C2850F5BF008249BA /* NetworkService.swift */; };
		1D993277285539DB00B95EA2 /* ProductsRepository.swift in Sources */ = {isa = PBXBuildFile; fileRef = 1D993276285539DB00B95EA2 /* ProductsRepository.swift */; };
		1DC2D782285250B900374E14 /* ProductListEndPoint.swift in Sources */ = {isa = PBXBuildFile; fileRef = 1DC2D781285250B900374E14 /* ProductListEndPoint.swift */; };
		1DC2D7842852518E00374E14 /* ProductsListModel.swift in Sources */ = {isa = PBXBuildFile; fileRef = 1DC2D7832852518E00374E14 /* ProductsListModel.swift */; };
		1DC2D7862852522F00374E14 /* ProductsListService.swift in Sources */ = {isa = PBXBuildFile; fileRef = 1DC2D7852852522F00374E14 /* ProductsListService.swift */; };
		1DC2D7892852564000374E14 /* ProductsListPresenter.swift in Sources */ = {isa = PBXBuildFile; fileRef = 1DC2D7882852564000374E14 /* ProductsListPresenter.swift */; };
		1DC2D78B28526C5F00374E14 /* UIImageView+Extensions.swift in Sources */ = {isa = PBXBuildFile; fileRef = 1DC2D78A28526C5F00374E14 /* UIImageView+Extensions.swift */; };
		1DC2D78D2852702000374E14 /* ProductCellViewModel.swift in Sources */ = {isa = PBXBuildFile; fileRef = 1DC2D78C2852702000374E14 /* ProductCellViewModel.swift */; };
		1DC439BB28734F3500557E9D /* RemoteWithLocalFallBackFeedLoader.swift in Sources */ = {isa = PBXBuildFile; fileRef = 1DC439BA28734F3500557E9D /* RemoteWithLocalFallBackFeedLoader.swift */; };
		1DEE4567284FE88F0041A074 /* AppDelegate.swift in Sources */ = {isa = PBXBuildFile; fileRef = 1DEE4566284FE88F0041A074 /* AppDelegate.swift */; };
		1DEE4570284FE8920041A074 /* Assets.xcassets in Resources */ = {isa = PBXBuildFile; fileRef = 1DEE456F284FE8920041A074 /* Assets.xcassets */; };
		1DEE4573284FE8920041A074 /* LaunchScreen.storyboard in Resources */ = {isa = PBXBuildFile; fileRef = 1DEE4571284FE8920041A074 /* LaunchScreen.storyboard */; };
		1DEE4586284FEE710041A074 /* ProductsListView.swift in Sources */ = {isa = PBXBuildFile; fileRef = 1DEE4584284FEE710041A074 /* ProductsListView.swift */; };
		1DEE4587284FEE710041A074 /* ProductsListView.xib in Resources */ = {isa = PBXBuildFile; fileRef = 1DEE4585284FEE710041A074 /* ProductsListView.xib */; };
		1DEE458B284FF3850041A074 /* ProductCell.swift in Sources */ = {isa = PBXBuildFile; fileRef = 1DEE4589284FF3850041A074 /* ProductCell.swift */; };
		1DEE458C284FF3850041A074 /* ProductCell.xib in Resources */ = {isa = PBXBuildFile; fileRef = 1DEE458A284FF3850041A074 /* ProductCell.xib */; };
		1DEE4590284FF8EF0041A074 /* UIView+Extensions.swift in Sources */ = {isa = PBXBuildFile; fileRef = 1DEE458F284FF8EF0041A074 /* UIView+Extensions.swift */; };
		1DEE45922850024F0041A074 /* UICollectionView+Extensions.swift in Sources */ = {isa = PBXBuildFile; fileRef = 1DEE45912850024F0041A074 /* UICollectionView+Extensions.swift */; };
/* End PBXBuildFile section */

/* Begin PBXFileReference section */
		1D291E1C285F8E350082FFCF /* CustomLayout.swift */ = {isa = PBXFileReference; lastKnownFileType = sourcecode.swift; path = CustomLayout.swift; sourceTree = "<group>"; };
		1D3216342857DAD800C8EAF5 /* Reachability.swift */ = {isa = PBXFileReference; fileEncoding = 4; lastKnownFileType = sourcecode.swift; path = Reachability.swift; sourceTree = "<group>"; };
		1D343B5A285348E700414C81 /* ProductDetailsView.swift */ = {isa = PBXFileReference; lastKnownFileType = sourcecode.swift; path = ProductDetailsView.swift; sourceTree = "<group>"; };
		1D343B5B285348E700414C81 /* ProductDetailsView.xib */ = {isa = PBXFileReference; lastKnownFileType = file.xib; path = ProductDetailsView.xib; sourceTree = "<group>"; };
		1D343B5E28534E2D00414C81 /* UIViewController+Navigation.swift */ = {isa = PBXFileReference; lastKnownFileType = sourcecode.swift; path = "UIViewController+Navigation.swift"; sourceTree = "<group>"; };
		1D343B632853FFCD00414C81 /* Cache.swift */ = {isa = PBXFileReference; lastKnownFileType = sourcecode.swift; path = Cache.swift; sourceTree = "<group>"; };
		1D544C762850F48C008249BA /* Base.swift */ = {isa = PBXFileReference; lastKnownFileType = sourcecode.swift; path = Base.swift; sourceTree = "<group>"; };
		1D544C782850F4C5008249BA /* NetworkRequest.swift */ = {isa = PBXFileReference; lastKnownFileType = sourcecode.swift; path = NetworkRequest.swift; sourceTree = "<group>"; };
		1D544C7A2850F5A3008249BA /* Enviroment.swift */ = {isa = PBXFileReference; lastKnownFileType = sourcecode.swift; path = Enviroment.swift; sourceTree = "<group>"; };
		1D544C7C2850F5BF008249BA /* NetworkService.swift */ = {isa = PBXFileReference; lastKnownFileType = sourcecode.swift; path = NetworkService.swift; sourceTree = "<group>"; };
		1D993276285539DB00B95EA2 /* ProductsRepository.swift */ = {isa = PBXFileReference; lastKnownFileType = sourcecode.swift; path = ProductsRepository.swift; sourceTree = "<group>"; };
		1DC2D781285250B900374E14 /* ProductListEndPoint.swift */ = {isa = PBXFileReference; lastKnownFileType = sourcecode.swift; path = ProductListEndPoint.swift; sourceTree = "<group>"; };
		1DC2D7832852518E00374E14 /* ProductsListModel.swift */ = {isa = PBXFileReference; lastKnownFileType = sourcecode.swift; path = ProductsListModel.swift; sourceTree = "<group>"; };
		1DC2D7852852522F00374E14 /* ProductsListService.swift */ = {isa = PBXFileReference; lastKnownFileType = sourcecode.swift; path = ProductsListService.swift; sourceTree = "<group>"; };
		1DC2D7882852564000374E14 /* ProductsListPresenter.swift */ = {isa = PBXFileReference; lastKnownFileType = sourcecode.swift; path = ProductsListPresenter.swift; sourceTree = "<group>"; };
		1DC2D78A28526C5F00374E14 /* UIImageView+Extensions.swift */ = {isa = PBXFileReference; lastKnownFileType = sourcecode.swift; path = "UIImageView+Extensions.swift"; sourceTree = "<group>"; };
		1DC2D78C2852702000374E14 /* ProductCellViewModel.swift */ = {isa = PBXFileReference; lastKnownFileType = sourcecode.swift; path = ProductCellViewModel.swift; sourceTree = "<group>"; };
		1DC439BA28734F3500557E9D /* RemoteWithLocalFallBackFeedLoader.swift */ = {isa = PBXFileReference; lastKnownFileType = sourcecode.swift; path = RemoteWithLocalFallBackFeedLoader.swift; sourceTree = "<group>"; };
		1DEE4563284FE88F0041A074 /* ThirdwayvChallenge.app */ = {isa = PBXFileReference; explicitFileType = wrapper.application; includeInIndex = 0; path = ThirdwayvChallenge.app; sourceTree = BUILT_PRODUCTS_DIR; };
		1DEE4566284FE88F0041A074 /* AppDelegate.swift */ = {isa = PBXFileReference; lastKnownFileType = sourcecode.swift; path = AppDelegate.swift; sourceTree = "<group>"; };
		1DEE456F284FE8920041A074 /* Assets.xcassets */ = {isa = PBXFileReference; lastKnownFileType = folder.assetcatalog; path = Assets.xcassets; sourceTree = "<group>"; };
		1DEE4572284FE8920041A074 /* Base */ = {isa = PBXFileReference; lastKnownFileType = file.storyboard; name = Base; path = Base.lproj/LaunchScreen.storyboard; sourceTree = "<group>"; };
		1DEE4574284FE8920041A074 /* Info.plist */ = {isa = PBXFileReference; lastKnownFileType = text.plist.xml; path = Info.plist; sourceTree = "<group>"; };
		1DEE4584284FEE710041A074 /* ProductsListView.swift */ = {isa = PBXFileReference; lastKnownFileType = sourcecode.swift; path = ProductsListView.swift; sourceTree = "<group>"; };
		1DEE4585284FEE710041A074 /* ProductsListView.xib */ = {isa = PBXFileReference; lastKnownFileType = file.xib; path = ProductsListView.xib; sourceTree = "<group>"; };
		1DEE4589284FF3850041A074 /* ProductCell.swift */ = {isa = PBXFileReference; lastKnownFileType = sourcecode.swift; path = ProductCell.swift; sourceTree = "<group>"; };
		1DEE458A284FF3850041A074 /* ProductCell.xib */ = {isa = PBXFileReference; lastKnownFileType = file.xib; path = ProductCell.xib; sourceTree = "<group>"; };
		1DEE458F284FF8EF0041A074 /* UIView+Extensions.swift */ = {isa = PBXFileReference; lastKnownFileType = sourcecode.swift; path = "UIView+Extensions.swift"; sourceTree = "<group>"; };
		1DEE45912850024F0041A074 /* UICollectionView+Extensions.swift */ = {isa = PBXFileReference; lastKnownFileType = sourcecode.swift; path = "UICollectionView+Extensions.swift"; sourceTree = "<group>"; };
/* End PBXFileReference section */

/* Begin PBXFrameworksBuildPhase section */
		1DEE4560284FE88F0041A074 /* Frameworks */ = {
			isa = PBXFrameworksBuildPhase;
			buildActionMask = 2147483647;
			files = (
			);
			runOnlyForDeploymentPostprocessing = 0;
		};
/* End PBXFrameworksBuildPhase section */

/* Begin PBXGroup section */
		1D343B552853482C00414C81 /* Product Details */ = {
			isa = PBXGroup;
			children = (
				1D343B562853486400414C81 /* View */,
			);
			path = "Product Details";
			sourceTree = "<group>";
		};
		1D343B562853486400414C81 /* View */ = {
			isa = PBXGroup;
			children = (
				1D343B5A285348E700414C81 /* ProductDetailsView.swift */,
				1D343B5B285348E700414C81 /* ProductDetailsView.xib */,
			);
			path = View;
			sourceTree = "<group>";
		};
		1D343B622853FEF100414C81 /* Local */ = {
			isa = PBXGroup;
			children = (
				1D343B632853FFCD00414C81 /* Cache.swift */,
				1D993276285539DB00B95EA2 /* ProductsRepository.swift */,
			);
			path = Local;
			sourceTree = "<group>";
		};
		1D343B652854963800414C81 /* Network Reachability */ = {
			isa = PBXGroup;
			children = (
				1D3216342857DAD800C8EAF5 /* Reachability.swift */,
			);
			path = "Network Reachability";
			sourceTree = "<group>";
		};
		1D544C732850F43C008249BA /* Service */ = {
			isa = PBXGroup;
			children = (
				1D343B622853FEF100414C81 /* Local */,
				1D544C742850F44B008249BA /* Remote */,
				1DC439BA28734F3500557E9D /* RemoteWithLocalFallBackFeedLoader.swift */,
			);
			path = Service;
			sourceTree = "<group>";
		};
		1D544C742850F44B008249BA /* Remote */ = {
			isa = PBXGroup;
			children = (
				1DC2D780285250A200374E14 /* Products List */,
				1D544C752850F477008249BA /* Base */,
			);
			path = Remote;
			sourceTree = "<group>";
		};
		1D544C752850F477008249BA /* Base */ = {
			isa = PBXGroup;
			children = (
				1D544C762850F48C008249BA /* Base.swift */,
				1D544C782850F4C5008249BA /* NetworkRequest.swift */,
				1D544C7A2850F5A3008249BA /* Enviroment.swift */,
				1D544C7C2850F5BF008249BA /* NetworkService.swift */,
			);
			path = Base;
			sourceTree = "<group>";
		};
		1D99327528551CE600B95EA2 /* Storyboard */ = {
			isa = PBXGroup;
			children = (
				1DEE4571284FE8920041A074 /* LaunchScreen.storyboard */,
			);
			path = Storyboard;
			sourceTree = "<group>";
		};
		1DC2D780285250A200374E14 /* Products List */ = {
			isa = PBXGroup;
			children = (
				1DC2D7832852518E00374E14 /* ProductsListModel.swift */,
				1DC2D781285250B900374E14 /* ProductListEndPoint.swift */,
				1DC2D7852852522F00374E14 /* ProductsListService.swift */,
			);
			path = "Products List";
			sourceTree = "<group>";
		};
		1DC2D7872852562900374E14 /* Presenter */ = {
			isa = PBXGroup;
			children = (
				1DC2D7882852564000374E14 /* ProductsListPresenter.swift */,
			);
			path = Presenter;
			sourceTree = "<group>";
		};
		1DEE455A284FE88F0041A074 = {
			isa = PBXGroup;
			children = (
				1DEE4565284FE88F0041A074 /* ThirdwayvChallenge */,
				1DEE4564284FE88F0041A074 /* Products */,
			);
			sourceTree = "<group>";
		};
		1DEE4564284FE88F0041A074 /* Products */ = {
			isa = PBXGroup;
			children = (
				1DEE4563284FE88F0041A074 /* ThirdwayvChallenge.app */,
			);
			name = Products;
			sourceTree = "<group>";
		};
		1DEE4565284FE88F0041A074 /* ThirdwayvChallenge */ = {
			isa = PBXGroup;
			children = (
				1DEE457B284FED950041A074 /* App */,
				1D99327528551CE600B95EA2 /* Storyboard */,
				1D343B652854963800414C81 /* Network Reachability */,
				1D544C732850F43C008249BA /* Service */,
				1DEE458E284FF8B50041A074 /* Extensions */,
				1DEE457C284FEDA10041A074 /* Resources */,
				1DEE4588284FF3560041A074 /* Custom UI */,
				1DEE457A284FED6C0041A074 /* Scenes */,
				1DEE4574284FE8920041A074 /* Info.plist */,
			);
			path = ThirdwayvChallenge;
			sourceTree = "<group>";
		};
		1DEE457A284FED6C0041A074 /* Scenes */ = {
			isa = PBXGroup;
			children = (
				1DEE457D284FEDE60041A074 /* Products List */,
				1D343B552853482C00414C81 /* Product Details */,
			);
			path = Scenes;
			sourceTree = "<group>";
		};
		1DEE457B284FED950041A074 /* App */ = {
			isa = PBXGroup;
			children = (
				1DEE4566284FE88F0041A074 /* AppDelegate.swift */,
			);
			path = App;
			sourceTree = "<group>";
		};
		1DEE457C284FEDA10041A074 /* Resources */ = {
			isa = PBXGroup;
			children = (
				1DEE456F284FE8920041A074 /* Assets.xcassets */,
			);
			path = Resources;
			sourceTree = "<group>";
		};
		1DEE457D284FEDE60041A074 /* Products List */ = {
			isa = PBXGroup;
			children = (
				1DC2D7872852562900374E14 /* Presenter */,
				1DEE457E284FEE070041A074 /* View */,
			);
			path = "Products List";
			sourceTree = "<group>";
		};
		1DEE457E284FEE070041A074 /* View */ = {
			isa = PBXGroup;
			children = (
				1DEE458D284FF6A10041A074 /* Product Cell */,
				1DEE4584284FEE710041A074 /* ProductsListView.swift */,
				1DEE4585284FEE710041A074 /* ProductsListView.xib */,
			);
			path = View;
			sourceTree = "<group>";
		};
		1DEE4588284FF3560041A074 /* Custom UI */ = {
			isa = PBXGroup;
			children = (
				1D291E1C285F8E350082FFCF /* CustomLayout.swift */,
			);
			path = "Custom UI";
			sourceTree = "<group>";
		};
		1DEE458D284FF6A10041A074 /* Product Cell */ = {
			isa = PBXGroup;
			children = (
				1DEE4589284FF3850041A074 /* ProductCell.swift */,
				1DEE458A284FF3850041A074 /* ProductCell.xib */,
				1DC2D78C2852702000374E14 /* ProductCellViewModel.swift */,
			);
			path = "Product Cell";
			sourceTree = "<group>";
		};
		1DEE458E284FF8B50041A074 /* Extensions */ = {
			isa = PBXGroup;
			children = (
				1DEE458F284FF8EF0041A074 /* UIView+Extensions.swift */,
				1DEE45912850024F0041A074 /* UICollectionView+Extensions.swift */,
				1DC2D78A28526C5F00374E14 /* UIImageView+Extensions.swift */,
				1D343B5E28534E2D00414C81 /* UIViewController+Navigation.swift */,
			);
			path = Extensions;
			sourceTree = "<group>";
		};
/* End PBXGroup section */

/* Begin PBXNativeTarget section */
		1DEE4562284FE88F0041A074 /* ThirdwayvChallenge */ = {
			isa = PBXNativeTarget;
			buildConfigurationList = 1DEE4577284FE8920041A074 /* Build configuration list for PBXNativeTarget "ThirdwayvChallenge" */;
			buildPhases = (
				1DEE455F284FE88F0041A074 /* Sources */,
				1DEE4560284FE88F0041A074 /* Frameworks */,
				1DEE4561284FE88F0041A074 /* Resources */,
			);
			buildRules = (
			);
			dependencies = (
			);
			name = ThirdwayvChallenge;
			productName = ThirdwayvChallenge;
			productReference = 1DEE4563284FE88F0041A074 /* ThirdwayvChallenge.app */;
			productType = "com.apple.product-type.application";
		};
/* End PBXNativeTarget section */

/* Begin PBXProject section */
		1DEE455B284FE88F0041A074 /* Project object */ = {
			isa = PBXProject;
			attributes = {
				BuildIndependentTargetsInParallel = 1;
				LastSwiftUpdateCheck = 1330;
				LastUpgradeCheck = 1330;
				TargetAttributes = {
					1DEE4562284FE88F0041A074 = {
						CreatedOnToolsVersion = 13.3;
					};
				};
			};
			buildConfigurationList = 1DEE455E284FE88F0041A074 /* Build configuration list for PBXProject "ThirdwayvChallenge" */;
			compatibilityVersion = "Xcode 13.0";
			developmentRegion = en;
			hasScannedForEncodings = 0;
			knownRegions = (
				en,
				Base,
			);
			mainGroup = 1DEE455A284FE88F0041A074;
			productRefGroup = 1DEE4564284FE88F0041A074 /* Products */;
			projectDirPath = "";
			projectRoot = "";
			targets = (
				1DEE4562284FE88F0041A074 /* ThirdwayvChallenge */,
			);
		};
/* End PBXProject section */

/* Begin PBXResourcesBuildPhase section */
		1DEE4561284FE88F0041A074 /* Resources */ = {
			isa = PBXResourcesBuildPhase;
			buildActionMask = 2147483647;
			files = (
				1D343B5D285348E700414C81 /* ProductDetailsView.xib in Resources */,
				1DEE4587284FEE710041A074 /* ProductsListView.xib in Resources */,
				1DEE458C284FF3850041A074 /* ProductCell.xib in Resources */,
				1DEE4573284FE8920041A074 /* LaunchScreen.storyboard in Resources */,
				1DEE4570284FE8920041A074 /* Assets.xcassets in Resources */,
			);
			runOnlyForDeploymentPostprocessing = 0;
		};
/* End PBXResourcesBuildPhase section */

/* Begin PBXSourcesBuildPhase section */
		1DEE455F284FE88F0041A074 /* Sources */ = {
			isa = PBXSourcesBuildPhase;
			buildActionMask = 2147483647;
			files = (
				1D544C792850F4C5008249BA /* NetworkRequest.swift in Sources */,
				1D544C772850F48C008249BA /* Base.swift in Sources */,
				1D544C7B2850F5A3008249BA /* Enviroment.swift in Sources */,
				1DEE458B284FF3850041A074 /* ProductCell.swift in Sources */,
				1DC2D78D2852702000374E14 /* ProductCellViewModel.swift in Sources */,
				1D343B5F28534E2D00414C81 /* UIViewController+Navigation.swift in Sources */,
				1D343B5C285348E700414C81 /* ProductDetailsView.swift in Sources */,
				1DC2D782285250B900374E14 /* ProductListEndPoint.swift in Sources */,
				1DC439BB28734F3500557E9D /* RemoteWithLocalFallBackFeedLoader.swift in Sources */,
				1DC2D7842852518E00374E14 /* ProductsListModel.swift in Sources */,
				1D993277285539DB00B95EA2 /* ProductsRepository.swift in Sources */,
				1D544C7D2850F5BF008249BA /* NetworkService.swift in Sources */,
				1DEE4567284FE88F0041A074 /* AppDelegate.swift in Sources */,
				1D291E1D285F8E350082FFCF /* CustomLayout.swift in Sources */,
				1D343B642853FFCE00414C81 /* Cache.swift in Sources */,
				1DC2D78B28526C5F00374E14 /* UIImageView+Extensions.swift in Sources */,
				1DEE45922850024F0041A074 /* UICollectionView+Extensions.swift in Sources */,
				1DC2D7892852564000374E14 /* ProductsListPresenter.swift in Sources */,
				1DC2D7862852522F00374E14 /* ProductsListService.swift in Sources */,
				1D3216352857DAD800C8EAF5 /* Reachability.swift in Sources */,
				1DEE4590284FF8EF0041A074 /* UIView+Extensions.swift in Sources */,
				1DEE4586284FEE710041A074 /* ProductsListView.swift in Sources */,
			);
			runOnlyForDeploymentPostprocessing = 0;
		};
/* End PBXSourcesBuildPhase section */

/* Begin PBXVariantGroup section */
		1DEE4571284FE8920041A074 /* LaunchScreen.storyboard */ = {
			isa = PBXVariantGroup;
			children = (
				1DEE4572284FE8920041A074 /* Base */,
			);
			name = LaunchScreen.storyboard;
			sourceTree = "<group>";
		};
/* End PBXVariantGroup section */

/* Begin XCBuildConfiguration section */
		1DEE4575284FE8920041A074 /* Debug */ = {
			isa = XCBuildConfiguration;
			buildSettings = {
				ALWAYS_SEARCH_USER_PATHS = NO;
				CLANG_ANALYZER_NONNULL = YES;
				CLANG_ANALYZER_NUMBER_OBJECT_CONVERSION = YES_AGGRESSIVE;
				CLANG_CXX_LANGUAGE_STANDARD = "gnu++17";
				CLANG_ENABLE_MODULES = YES;
				CLANG_ENABLE_OBJC_ARC = YES;
				CLANG_ENABLE_OBJC_WEAK = YES;
				CLANG_WARN_BLOCK_CAPTURE_AUTORELEASING = YES;
				CLANG_WARN_BOOL_CONVERSION = YES;
				CLANG_WARN_COMMA = YES;
				CLANG_WARN_CONSTANT_CONVERSION = YES;
				CLANG_WARN_DEPRECATED_OBJC_IMPLEMENTATIONS = YES;
				CLANG_WARN_DIRECT_OBJC_ISA_USAGE = YES_ERROR;
				CLANG_WARN_DOCUMENTATION_COMMENTS = YES;
				CLANG_WARN_EMPTY_BODY = YES;
				CLANG_WARN_ENUM_CONVERSION = YES;
				CLANG_WARN_INFINITE_RECURSION = YES;
				CLANG_WARN_INT_CONVERSION = YES;
				CLANG_WARN_NON_LITERAL_NULL_CONVERSION = YES;
				CLANG_WARN_OBJC_IMPLICIT_RETAIN_SELF = YES;
				CLANG_WARN_OBJC_LITERAL_CONVERSION = YES;
				CLANG_WARN_OBJC_ROOT_CLASS = YES_ERROR;
				CLANG_WARN_QUOTED_INCLUDE_IN_FRAMEWORK_HEADER = YES;
				CLANG_WARN_RANGE_LOOP_ANALYSIS = YES;
				CLANG_WARN_STRICT_PROTOTYPES = YES;
				CLANG_WARN_SUSPICIOUS_MOVE = YES;
				CLANG_WARN_UNGUARDED_AVAILABILITY = YES_AGGRESSIVE;
				CLANG_WARN_UNREACHABLE_CODE = YES;
				CLANG_WARN__DUPLICATE_METHOD_MATCH = YES;
				COPY_PHASE_STRIP = NO;
				DEBUG_INFORMATION_FORMAT = dwarf;
				ENABLE_STRICT_OBJC_MSGSEND = YES;
				ENABLE_TESTABILITY = YES;
				GCC_C_LANGUAGE_STANDARD = gnu11;
				GCC_DYNAMIC_NO_PIC = NO;
				GCC_NO_COMMON_BLOCKS = YES;
				GCC_OPTIMIZATION_LEVEL = 0;
				GCC_PREPROCESSOR_DEFINITIONS = (
					"DEBUG=1",
					"$(inherited)",
				);
				GCC_WARN_64_TO_32_BIT_CONVERSION = YES;
				GCC_WARN_ABOUT_RETURN_TYPE = YES_ERROR;
				GCC_WARN_UNDECLARED_SELECTOR = YES;
				GCC_WARN_UNINITIALIZED_AUTOS = YES_AGGRESSIVE;
				GCC_WARN_UNUSED_FUNCTION = YES;
				GCC_WARN_UNUSED_VARIABLE = YES;
				IPHONEOS_DEPLOYMENT_TARGET = 12.0;
				MTL_ENABLE_DEBUG_INFO = INCLUDE_SOURCE;
				MTL_FAST_MATH = YES;
				ONLY_ACTIVE_ARCH = YES;
				SDKROOT = iphoneos;
				SWIFT_ACTIVE_COMPILATION_CONDITIONS = DEBUG;
				SWIFT_OPTIMIZATION_LEVEL = "-Onone";
			};
			name = Debug;
		};
		1DEE4576284FE8920041A074 /* Release */ = {
			isa = XCBuildConfiguration;
			buildSettings = {
				ALWAYS_SEARCH_USER_PATHS = NO;
				CLANG_ANALYZER_NONNULL = YES;
				CLANG_ANALYZER_NUMBER_OBJECT_CONVERSION = YES_AGGRESSIVE;
				CLANG_CXX_LANGUAGE_STANDARD = "gnu++17";
				CLANG_ENABLE_MODULES = YES;
				CLANG_ENABLE_OBJC_ARC = YES;
				CLANG_ENABLE_OBJC_WEAK = YES;
				CLANG_WARN_BLOCK_CAPTURE_AUTORELEASING = YES;
				CLANG_WARN_BOOL_CONVERSION = YES;
				CLANG_WARN_COMMA = YES;
				CLANG_WARN_CONSTANT_CONVERSION = YES;
				CLANG_WARN_DEPRECATED_OBJC_IMPLEMENTATIONS = YES;
				CLANG_WARN_DIRECT_OBJC_ISA_USAGE = YES_ERROR;
				CLANG_WARN_DOCUMENTATION_COMMENTS = YES;
				CLANG_WARN_EMPTY_BODY = YES;
				CLANG_WARN_ENUM_CONVERSION = YES;
				CLANG_WARN_INFINITE_RECURSION = YES;
				CLANG_WARN_INT_CONVERSION = YES;
				CLANG_WARN_NON_LITERAL_NULL_CONVERSION = YES;
				CLANG_WARN_OBJC_IMPLICIT_RETAIN_SELF = YES;
				CLANG_WARN_OBJC_LITERAL_CONVERSION = YES;
				CLANG_WARN_OBJC_ROOT_CLASS = YES_ERROR;
				CLANG_WARN_QUOTED_INCLUDE_IN_FRAMEWORK_HEADER = YES;
				CLANG_WARN_RANGE_LOOP_ANALYSIS = YES;
				CLANG_WARN_STRICT_PROTOTYPES = YES;
				CLANG_WARN_SUSPICIOUS_MOVE = YES;
				CLANG_WARN_UNGUARDED_AVAILABILITY = YES_AGGRESSIVE;
				CLANG_WARN_UNREACHABLE_CODE = YES;
				CLANG_WARN__DUPLICATE_METHOD_MATCH = YES;
				COPY_PHASE_STRIP = NO;
				DEBUG_INFORMATION_FORMAT = "dwarf-with-dsym";
				ENABLE_NS_ASSERTIONS = NO;
				ENABLE_STRICT_OBJC_MSGSEND = YES;
				GCC_C_LANGUAGE_STANDARD = gnu11;
				GCC_NO_COMMON_BLOCKS = YES;
				GCC_WARN_64_TO_32_BIT_CONVERSION = YES;
				GCC_WARN_ABOUT_RETURN_TYPE = YES_ERROR;
				GCC_WARN_UNDECLARED_SELECTOR = YES;
				GCC_WARN_UNINITIALIZED_AUTOS = YES_AGGRESSIVE;
				GCC_WARN_UNUSED_FUNCTION = YES;
				GCC_WARN_UNUSED_VARIABLE = YES;
				IPHONEOS_DEPLOYMENT_TARGET = 12.0;
				MTL_ENABLE_DEBUG_INFO = NO;
				MTL_FAST_MATH = YES;
				SDKROOT = iphoneos;
				SWIFT_COMPILATION_MODE = wholemodule;
				SWIFT_OPTIMIZATION_LEVEL = "-O";
				VALIDATE_PRODUCT = YES;
			};
			name = Release;
		};
		1DEE4578284FE8920041A074 /* Debug */ = {
			isa = XCBuildConfiguration;
			buildSettings = {
				ASSETCATALOG_COMPILER_APPICON_NAME = AppIcon;
				ASSETCATALOG_COMPILER_GLOBAL_ACCENT_COLOR_NAME = AccentColor;
				CODE_SIGN_STYLE = Automatic;
				CURRENT_PROJECT_VERSION = 1;
				DEVELOPMENT_TEAM = V76XYJW56A;
				GENERATE_INFOPLIST_FILE = YES;
				INFOPLIST_FILE = ThirdwayvChallenge/Info.plist;
				INFOPLIST_KEY_UIApplicationSupportsIndirectInputEvents = YES;
				INFOPLIST_KEY_UILaunchStoryboardName = LaunchScreen;
				INFOPLIST_KEY_UISupportedInterfaceOrientations_iPad = "UIInterfaceOrientationPortrait UIInterfaceOrientationPortraitUpsideDown UIInterfaceOrientationLandscapeLeft UIInterfaceOrientationLandscapeRight";
				INFOPLIST_KEY_UISupportedInterfaceOrientations_iPhone = "UIInterfaceOrientationPortrait UIInterfaceOrientationLandscapeLeft UIInterfaceOrientationLandscapeRight";
				LD_RUNPATH_SEARCH_PATHS = (
					"$(inherited)",
					"@executable_path/Frameworks",
				);
				MARKETING_VERSION = 1.0;
				PRODUCT_BUNDLE_IDENTIFIER = com.test.ThirdwayvChallenge;
				PRODUCT_NAME = "$(TARGET_NAME)";
				SWIFT_EMIT_LOC_STRINGS = YES;
				SWIFT_VERSION = 5.0;
				TARGETED_DEVICE_FAMILY = "1,2";
			};
			name = Debug;
		};
		1DEE4579284FE8920041A074 /* Release */ = {
			isa = XCBuildConfiguration;
			buildSettings = {
				ASSETCATALOG_COMPILER_APPICON_NAME = AppIcon;
				ASSETCATALOG_COMPILER_GLOBAL_ACCENT_COLOR_NAME = AccentColor;
				CODE_SIGN_STYLE = Automatic;
				CURRENT_PROJECT_VERSION = 1;
				DEVELOPMENT_TEAM = P5GJ5H8EL5;
				GENERATE_INFOPLIST_FILE = YES;
				INFOPLIST_FILE = ThirdwayvChallenge/Info.plist;
				INFOPLIST_KEY_UIApplicationSupportsIndirectInputEvents = YES;
				INFOPLIST_KEY_UILaunchStoryboardName = LaunchScreen;
				INFOPLIST_KEY_UISupportedInterfaceOrientations_iPad = "UIInterfaceOrientationPortrait UIInterfaceOrientationPortraitUpsideDown UIInterfaceOrientationLandscapeLeft UIInterfaceOrientationLandscapeRight";
				INFOPLIST_KEY_UISupportedInterfaceOrientations_iPhone = "UIInterfaceOrientationPortrait UIInterfaceOrientationLandscapeLeft UIInterfaceOrientationLandscapeRight";
				LD_RUNPATH_SEARCH_PATHS = (
					"$(inherited)",
					"@executable_path/Frameworks",
				);
				MARKETING_VERSION = 1.0;
				PRODUCT_BUNDLE_IDENTIFIER = com.test.ThirdwayvChallenge;
				PRODUCT_NAME = "$(TARGET_NAME)";
				SWIFT_EMIT_LOC_STRINGS = YES;
				SWIFT_VERSION = 5.0;
				TARGETED_DEVICE_FAMILY = "1,2";
			};
			name = Release;
		};
/* End XCBuildConfiguration section */

/* Begin XCConfigurationList section */
		1DEE455E284FE88F0041A074 /* Build configuration list for PBXProject "ThirdwayvChallenge" */ = {
			isa = XCConfigurationList;
			buildConfigurations = (
				1DEE4575284FE8920041A074 /* Debug */,
				1DEE4576284FE8920041A074 /* Release */,
			);
			defaultConfigurationIsVisible = 0;
			defaultConfigurationName = Release;
		};
		1DEE4577284FE8920041A074 /* Build configuration list for PBXNativeTarget "ThirdwayvChallenge" */ = {
			isa = XCConfigurationList;
			buildConfigurations = (
				1DEE4578284FE8920041A074 /* Debug */,
				1DEE4579284FE8920041A074 /* Release */,
			);
			defaultConfigurationIsVisible = 0;
			defaultConfigurationName = Release;
		};
/* End XCConfigurationList section */
	};
	rootObject = 1DEE455B284FE88F0041A074 /* Project object */;
}
