// !$*UTF8*$!
{
	archiveVersion = 1;
	classes = {
	};
	objectVersion = 55;
	objects = {

/* Begin PBXBuildFile section */
		1DEE4567284FE88F0041A074 /* AppDelegate.swift in Sources */ = {isa = PBXBuildFile; fileRef = 1DEE4566284FE88F0041A074 /* AppDelegate.swift */; };
		1DEE4570284FE8920041A074 /* Assets.xcassets in Resources */ = {isa = PBXBuildFile; fileRef = 1DEE456F284FE8920041A074 /* Assets.xcassets */; };
		1DEE4573284FE8920041A074 /* LaunchScreen.storyboard in Resources */ = {isa = PBXBuildFile; fileRef = 1DEE4571284FE8920041A074 /* LaunchScreen.storyboard */; };
		1DEE4586284FEE710041A074 /* ProductsListView.swift in Sources */ = {isa = PBXBuildFile; fileRef = 1DEE4584284FEE710041A074 /* ProductsListView.swift */; };
		1DEE4587284FEE710041A074 /* ProductsListView.xib in Resources */ = {isa = PBXBuildFile; fileRef = 1DEE4585284FEE710041A074 /* ProductsListView.xib */; };
		1DEE458B284FF3850041A074 /* ProductCell.swift in Sources */ = {isa = PBXBuildFile; fileRef = 1DEE4589284FF3850041A074 /* ProductCell.swift */; };
		1DEE458C284FF3850041A074 /* ProductCell.xib in Resources */ = {isa = PBXBuildFile; fileRef = 1DEE458A284FF3850041A074 /* ProductCell.xib */; };
/* End PBXBuildFile section */

/* Begin PBXFileReference section */
		1DEE4563284FE88F0041A074 /* ThirdwayvChallenge.app */ = {isa = PBXFileReference; explicitFileType = wrapper.application; includeInIndex = 0; path = ThirdwayvChallenge.app; sourceTree = BUILT_PRODUCTS_DIR; };
		1DEE4566284FE88F0041A074 /* AppDelegate.swift */ = {isa = PBXFileReference; lastKnownFileType = sourcecode.swift; path = AppDelegate.swift; sourceTree = "<group>"; };
		1DEE456F284FE8920041A074 /* Assets.xcassets */ = {isa = PBXFileReference; lastKnownFileType = folder.assetcatalog; path = Assets.xcassets; sourceTree = "<group>"; };
		1DEE4572284FE8920041A074 /* Base */ = {isa = PBXFileReference; lastKnownFileType = file.storyboard; name = Base; path = Base.lproj/LaunchScreen.storyboard; sourceTree = "<group>"; };
		1DEE4574284FE8920041A074 /* Info.plist */ = {isa = PBXFileReference; lastKnownFileType = text.plist.xml; path = Info.plist; sourceTree = "<group>"; };
		1DEE4584284FEE710041A074 /* ProductsListView.swift */ = {isa = PBXFileReference; lastKnownFileType = sourcecode.swift; path = ProductsListView.swift; sourceTree = "<group>"; };
		1DEE4585284FEE710041A074 /* ProductsListView.xib */ = {isa = PBXFileReference; lastKnownFileType = file.xib; path = ProductsListView.xib; sourceTree = "<group>"; };
		1DEE4589284FF3850041A074 /* ProductCell.swift */ = {isa = PBXFileReference; lastKnownFileType = sourcecode.swift; path = ProductCell.swift; sourceTree = "<group>"; };
		1DEE458A284FF3850041A074 /* ProductCell.xib */ = {isa = PBXFileReference; lastKnownFileType = file.xib; path = ProductCell.xib; sourceTree = "<group>"; };
/* End PBXFileReference section */

/* Begin PBXFrameworksBuildPhase section */
		1DEE4560284FE88F0041A074 /* Frameworks */ = {
			isa = PBXFrameworksBuildPhase;
			buildActionMask = 2147483647;
			files = (
			);
			runOnlyForDeploymentPostprocessing = 0;
		};
/* End PBXFrameworksBuildPhase section */

/* Begin PBXGroup section */
		1DEE455A284FE88F0041A074 = {
			isa = PBXGroup;
			children = (
				1DEE4565284FE88F0041A074 /* ThirdwayvChallenge */,
				1DEE4564284FE88F0041A074 /* Products */,
			);
			sourceTree = "<group>";
		};
		1DEE4564284FE88F0041A074 /* Products */ = {
			isa = PBXGroup;
			children = (
				1DEE4563284FE88F0041A074 /* ThirdwayvChallenge.app */,
			);
			name = Products;
			sourceTree = "<group>";
		};
		1DEE4565284FE88F0041A074 /* ThirdwayvChallenge */ = {
			isa = PBXGroup;
			children = (
				1DEE457B284FED950041A074 /* App */,
				1DEE457C284FEDA10041A074 /* Resources */,
				1DEE4588284FF3560041A074 /* Custom UI */,
				1DEE457A284FED6C0041A074 /* Scenes */,
				1DEE4571284FE8920041A074 /* LaunchScreen.storyboard */,
				1DEE4574284FE8920041A074 /* Info.plist */,
			);
			path = ThirdwayvChallenge;
			sourceTree = "<group>";
		};
		1DEE457A284FED6C0041A074 /* Scenes */ = {
			isa = PBXGroup;
			children = (
				1DEE457D284FEDE60041A074 /* Products List */,
			);
			path = Scenes;
			sourceTree = "<group>";
		};
		1DEE457B284FED950041A074 /* App */ = {
			isa = PBXGroup;
			children = (
				1DEE4566284FE88F0041A074 /* AppDelegate.swift */,
			);
			path = App;
			sourceTree = "<group>";
		};
		1DEE457C284FEDA10041A074 /* Resources */ = {
			isa = PBXGroup;
			children = (
				1DEE456F284FE8920041A074 /* Assets.xcassets */,
			);
			path = Resources;
			sourceTree = "<group>";
		};
		1DEE457D284FEDE60041A074 /* Products List */ = {
			isa = PBXGroup;
			children = (
				1DEE457E284FEE070041A074 /* View */,
			);
			path = "Products List";
			sourceTree = "<group>";
		};
		1DEE457E284FEE070041A074 /* View */ = {
			isa = PBXGroup;
			children = (
				1DEE4584284FEE710041A074 /* ProductsListView.swift */,
				1DEE4585284FEE710041A074 /* ProductsListView.xib */,
			);
			path = View;
			sourceTree = "<group>";
		};
		1DEE4588284FF3560041A074 /* Custom UI */ = {
			isa = PBXGroup;
			children = (
				1DEE4589284FF3850041A074 /* ProductCell.swift */,
				1DEE458A284FF3850041A074 /* ProductCell.xib */,
			);
			path = "Custom UI";
			sourceTree = "<group>";
		};
/* End PBXGroup section */

/* Begin PBXNativeTarget section */
		1DEE4562284FE88F0041A074 /* ThirdwayvChallenge */ = {
			isa = PBXNativeTarget;
			buildConfigurationList = 1DEE4577284FE8920041A074 /* Build configuration list for PBXNativeTarget "ThirdwayvChallenge" */;
			buildPhases = (
				1DEE455F284FE88F0041A074 /* Sources */,
				1DEE4560284FE88F0041A074 /* Frameworks */,
				1DEE4561284FE88F0041A074 /* Resources */,
			);
			buildRules = (
			);
			dependencies = (
			);
			name = ThirdwayvChallenge;
			productName = ThirdwayvChallenge;
			productReference = 1DEE4563284FE88F0041A074 /* ThirdwayvChallenge.app */;
			productType = "com.apple.product-type.application";
		};
/* End PBXNativeTarget section */

/* Begin PBXProject section */
		1DEE455B284FE88F0041A074 /* Project object */ = {
			isa = PBXProject;
			attributes = {
				BuildIndependentTargetsInParallel = 1;
				LastSwiftUpdateCheck = 1330;
				LastUpgradeCheck = 1330;
				TargetAttributes = {
					1DEE4562284FE88F0041A074 = {
						CreatedOnToolsVersion = 13.3;
					};
				};
			};
			buildConfigurationList = 1DEE455E284FE88F0041A074 /* Build configuration list for PBXProject "ThirdwayvChallenge" */;
			compatibilityVersion = "Xcode 13.0";
			developmentRegion = en;
			hasScannedForEncodings = 0;
			knownRegions = (
				en,
				Base,
			);
			mainGroup = 1DEE455A284FE88F0041A074;
			productRefGroup = 1DEE4564284FE88F0041A074 /* Products */;
			projectDirPath = "";
			projectRoot = "";
			targets = (
				1DEE4562284FE88F0041A074 /* ThirdwayvChallenge */,
			);
		};
/* End PBXProject section */

/* Begin PBXResourcesBuildPhase section */
		1DEE4561284FE88F0041A074 /* Resources */ = {
			isa = PBXResourcesBuildPhase;
			buildActionMask = 2147483647;
			files = (
				1DEE4587284FEE710041A074 /* ProductsListView.xib in Resources */,
				1DEE458C284FF3850041A074 /* ProductCell.xib in Resources */,
				1DEE4573284FE8920041A074 /* LaunchScreen.storyboard in Resources */,
				1DEE4570284FE8920041A074 /* Assets.xcassets in Resources */,
			);
			runOnlyForDeploymentPostprocessing = 0;
		};
/* End PBXResourcesBuildPhase section */

/* Begin PBXSourcesBuildPhase section */
		1DEE455F284FE88F0041A074 /* Sources */ = {
			isa = PBXSourcesBuildPhase;
			buildActionMask = 2147483647;
			files = (
				1DEE458B284FF3850041A074 /* ProductCell.swift in Sources */,
				1DEE4567284FE88F0041A074 /* AppDelegate.swift in Sources */,
				1DEE4586284FEE710041A074 /* ProductsListView.swift in Sources */,
			);
			runOnlyForDeploymentPostprocessing = 0;
		};
/* End PBXSourcesBuildPhase section */

/* Begin PBXVariantGroup section */
		1DEE4571284FE8920041A074 /* LaunchScreen.storyboard */ = {
			isa = PBXVariantGroup;
			children = (
				1DEE4572284FE8920041A074 /* Base */,
			);
			name = LaunchScreen.storyboard;
			sourceTree = "<group>";
		};
/* End PBXVariantGroup section */

/* Begin XCBuildConfiguration section */
		1DEE4575284FE8920041A074 /* Debug */ = {
			isa = XCBuildConfiguration;
			buildSettings = {
				ALWAYS_SEARCH_USER_PATHS = NO;
				CLANG_ANALYZER_NONNULL = YES;
				CLANG_ANALYZER_NUMBER_OBJECT_CONVERSION = YES_AGGRESSIVE;
				CLANG_CXX_LANGUAGE_STANDARD = "gnu++17";
				CLANG_ENABLE_MODULES = YES;
				CLANG_ENABLE_OBJC_ARC = YES;
				CLANG_ENABLE_OBJC_WEAK = YES;
				CLANG_WARN_BLOCK_CAPTURE_AUTORELEASING = YES;
				CLANG_WARN_BOOL_CONVERSION = YES;
				CLANG_WARN_COMMA = YES;
				CLANG_WARN_CONSTANT_CONVERSION = YES;
				CLANG_WARN_DEPRECATED_OBJC_IMPLEMENTATIONS = YES;
				CLANG_WARN_DIRECT_OBJC_ISA_USAGE = YES_ERROR;
				CLANG_WARN_DOCUMENTATION_COMMENTS = YES;
				CLANG_WARN_EMPTY_BODY = YES;
				CLANG_WARN_ENUM_CONVERSION = YES;
				CLANG_WARN_INFINITE_RECURSION = YES;
				CLANG_WARN_INT_CONVERSION = YES;
				CLANG_WARN_NON_LITERAL_NULL_CONVERSION = YES;
				CLANG_WARN_OBJC_IMPLICIT_RETAIN_SELF = YES;
				CLANG_WARN_OBJC_LITERAL_CONVERSION = YES;
				CLANG_WARN_OBJC_ROOT_CLASS = YES_ERROR;
				CLANG_WARN_QUOTED_INCLUDE_IN_FRAMEWORK_HEADER = YES;
				CLANG_WARN_RANGE_LOOP_ANALYSIS = YES;
				CLANG_WARN_STRICT_PROTOTYPES = YES;
				CLANG_WARN_SUSPICIOUS_MOVE = YES;
				CLANG_WARN_UNGUARDED_AVAILABILITY = YES_AGGRESSIVE;
				CLANG_WARN_UNREACHABLE_CODE = YES;
				CLANG_WARN__DUPLICATE_METHOD_MATCH = YES;
				COPY_PHASE_STRIP = NO;
				DEBUG_INFORMATION_FORMAT = dwarf;
				ENABLE_STRICT_OBJC_MSGSEND = YES;
				ENABLE_TESTABILITY = YES;
				GCC_C_LANGUAGE_STANDARD = gnu11;
				GCC_DYNAMIC_NO_PIC = NO;
				GCC_NO_COMMON_BLOCKS = YES;
				GCC_OPTIMIZATION_LEVEL = 0;
				GCC_PREPROCESSOR_DEFINITIONS = (
					"DEBUG=1",
					"$(inherited)",
				);
				GCC_WARN_64_TO_32_BIT_CONVERSION = YES;
				GCC_WARN_ABOUT_RETURN_TYPE = YES_ERROR;
				GCC_WARN_UNDECLARED_SELECTOR = YES;
				GCC_WARN_UNINITIALIZED_AUTOS = YES_AGGRESSIVE;
				GCC_WARN_UNUSED_FUNCTION = YES;
				GCC_WARN_UNUSED_VARIABLE = YES;
				IPHONEOS_DEPLOYMENT_TARGET = 12.0;
				MTL_ENABLE_DEBUG_INFO = INCLUDE_SOURCE;
				MTL_FAST_MATH = YES;
				ONLY_ACTIVE_ARCH = YES;
				SDKROOT = iphoneos;
				SWIFT_ACTIVE_COMPILATION_CONDITIONS = DEBUG;
				SWIFT_OPTIMIZATION_LEVEL = "-Onone";
			};
			name = Debug;
		};
		1DEE4576284FE8920041A074 /* Release */ = {
			isa = XCBuildConfiguration;
			buildSettings = {
				ALWAYS_SEARCH_USER_PATHS = NO;
				CLANG_ANALYZER_NONNULL = YES;
				CLANG_ANALYZER_NUMBER_OBJECT_CONVERSION = YES_AGGRESSIVE;
				CLANG_CXX_LANGUAGE_STANDARD = "gnu++17";
				CLANG_ENABLE_MODULES = YES;
				CLANG_ENABLE_OBJC_ARC = YES;
				CLANG_ENABLE_OBJC_WEAK = YES;
				CLANG_WARN_BLOCK_CAPTURE_AUTORELEASING = YES;
				CLANG_WARN_BOOL_CONVERSION = YES;
				CLANG_WARN_COMMA = YES;
				CLANG_WARN_CONSTANT_CONVERSION = YES;
				CLANG_WARN_DEPRECATED_OBJC_IMPLEMENTATIONS = YES;
				CLANG_WARN_DIRECT_OBJC_ISA_USAGE = YES_ERROR;
				CLANG_WARN_DOCUMENTATION_COMMENTS = YES;
				CLANG_WARN_EMPTY_BODY = YES;
				CLANG_WARN_ENUM_CONVERSION = YES;
				CLANG_WARN_INFINITE_RECURSION = YES;
				CLANG_WARN_INT_CONVERSION = YES;
				CLANG_WARN_NON_LITERAL_NULL_CONVERSION = YES;
				CLANG_WARN_OBJC_IMPLICIT_RETAIN_SELF = YES;
				CLANG_WARN_OBJC_LITERAL_CONVERSION = YES;
				CLANG_WARN_OBJC_ROOT_CLASS = YES_ERROR;
				CLANG_WARN_QUOTED_INCLUDE_IN_FRAMEWORK_HEADER = YES;
				CLANG_WARN_RANGE_LOOP_ANALYSIS = YES;
				CLANG_WARN_STRICT_PROTOTYPES = YES;
				CLANG_WARN_SUSPICIOUS_MOVE = YES;
				CLANG_WARN_UNGUARDED_AVAILABILITY = YES_AGGRESSIVE;
				CLANG_WARN_UNREACHABLE_CODE = YES;
				CLANG_WARN__DUPLICATE_METHOD_MATCH = YES;
				COPY_PHASE_STRIP = NO;
				DEBUG_INFORMATION_FORMAT = "dwarf-with-dsym";
				ENABLE_NS_ASSERTIONS = NO;
				ENABLE_STRICT_OBJC_MSGSEND = YES;
				GCC_C_LANGUAGE_STANDARD = gnu11;
				GCC_NO_COMMON_BLOCKS = YES;
				GCC_WARN_64_TO_32_BIT_CONVERSION = YES;
				GCC_WARN_ABOUT_RETURN_TYPE = YES_ERROR;
				GCC_WARN_UNDECLARED_SELECTOR = YES;
				GCC_WARN_UNINITIALIZED_AUTOS = YES_AGGRESSIVE;
				GCC_WARN_UNUSED_FUNCTION = YES;
				GCC_WARN_UNUSED_VARIABLE = YES;
				IPHONEOS_DEPLOYMENT_TARGET = 12.0;
				MTL_ENABLE_DEBUG_INFO = NO;
				MTL_FAST_MATH = YES;
				SDKROOT = iphoneos;
				SWIFT_COMPILATION_MODE = wholemodule;
				SWIFT_OPTIMIZATION_LEVEL = "-O";
				VALIDATE_PRODUCT = YES;
			};
			name = Release;
		};
		1DEE4578284FE8920041A074 /* Debug */ = {
			isa = XCBuildConfiguration;
			buildSettings = {
				ASSETCATALOG_COMPILER_APPICON_NAME = AppIcon;
				ASSETCATALOG_COMPILER_GLOBAL_ACCENT_COLOR_NAME = AccentColor;
				CODE_SIGN_STYLE = Automatic;
				CURRENT_PROJECT_VERSION = 1;
				DEVELOPMENT_TEAM = V76XYJW56A;
				GENERATE_INFOPLIST_FILE = YES;
				INFOPLIST_FILE = ThirdwayvChallenge/Info.plist;
				INFOPLIST_KEY_UIApplicationSupportsIndirectInputEvents = YES;
				INFOPLIST_KEY_UILaunchStoryboardName = LaunchScreen;
				INFOPLIST_KEY_UISupportedInterfaceOrientations_iPad = "UIInterfaceOrientationPortrait UIInterfaceOrientationPortraitUpsideDown UIInterfaceOrientationLandscapeLeft UIInterfaceOrientationLandscapeRight";
				INFOPLIST_KEY_UISupportedInterfaceOrientations_iPhone = "UIInterfaceOrientationPortrait UIInterfaceOrientationLandscapeLeft UIInterfaceOrientationLandscapeRight";
				LD_RUNPATH_SEARCH_PATHS = (
					"$(inherited)",
					"@executable_path/Frameworks",
				);
				MARKETING_VERSION = 1.0;
				PRODUCT_BUNDLE_IDENTIFIER = com.test.ThirdwayvChallenge;
				PRODUCT_NAME = "$(TARGET_NAME)";
				SWIFT_EMIT_LOC_STRINGS = YES;
				SWIFT_VERSION = 5.0;
				TARGETED_DEVICE_FAMILY = "1,2";
			};
			name = Debug;
		};
		1DEE4579284FE8920041A074 /* Release */ = {
			isa = XCBuildConfiguration;
			buildSettings = {
				ASSETCATALOG_COMPILER_APPICON_NAME = AppIcon;
				ASSETCATALOG_COMPILER_GLOBAL_ACCENT_COLOR_NAME = AccentColor;
				CODE_SIGN_STYLE = Automatic;
				CURRENT_PROJECT_VERSION = 1;
				DEVELOPMENT_TEAM = V76XYJW56A;
				GENERATE_INFOPLIST_FILE = YES;
				INFOPLIST_FILE = ThirdwayvChallenge/Info.plist;
				INFOPLIST_KEY_UIApplicationSupportsIndirectInputEvents = YES;
				INFOPLIST_KEY_UILaunchStoryboardName = LaunchScreen;
				INFOPLIST_KEY_UISupportedInterfaceOrientations_iPad = "UIInterfaceOrientationPortrait UIInterfaceOrientationPortraitUpsideDown UIInterfaceOrientationLandscapeLeft UIInterfaceOrientationLandscapeRight";
				INFOPLIST_KEY_UISupportedInterfaceOrientations_iPhone = "UIInterfaceOrientationPortrait UIInterfaceOrientationLandscapeLeft UIInterfaceOrientationLandscapeRight";
				LD_RUNPATH_SEARCH_PATHS = (
					"$(inherited)",
					"@executable_path/Frameworks",
				);
				MARKETING_VERSION = 1.0;
				PRODUCT_BUNDLE_IDENTIFIER = com.test.ThirdwayvChallenge;
				PRODUCT_NAME = "$(TARGET_NAME)";
				SWIFT_EMIT_LOC_STRINGS = YES;
				SWIFT_VERSION = 5.0;
				TARGETED_DEVICE_FAMILY = "1,2";
			};
			name = Release;
		};
/* End XCBuildConfiguration section */

/* Begin XCConfigurationList section */
		1DEE455E284FE88F0041A074 /* Build configuration list for PBXProject "ThirdwayvChallenge" */ = {
			isa = XCConfigurationList;
			buildConfigurations = (
				1DEE4575284FE8920041A074 /* Debug */,
				1DEE4576284FE8920041A074 /* Release */,
			);
			defaultConfigurationIsVisible = 0;
			defaultConfigurationName = Release;
		};
		1DEE4577284FE8920041A074 /* Build configuration list for PBXNativeTarget "ThirdwayvChallenge" */ = {
			isa = XCConfigurationList;
			buildConfigurations = (
				1DEE4578284FE8920041A074 /* Debug */,
				1DEE4579284FE8920041A074 /* Release */,
			);
			defaultConfigurationIsVisible = 0;
			defaultConfigurationName = Release;
		};
/* End XCConfigurationList section */
	};
	rootObject = 1DEE455B284FE88F0041A074 /* Project object */;
}
